
Microsoft Visual Studio Solution File, Format Version 12.00
# Visual Studio Version 17
VisualStudioVersion = 17.7.34009.444
MinimumVisualStudioVersion = 10.0.40219.1
Project("{FAE04EC0-301F-11D3-BF4B-00C04F79EFBC}") = "ConversorMoedas", "ConversorMoedas\ConversorMoedas.csproj", "{97FA41CD-023E-4D06-9FEB-6AE60089DF23}"
EndProject
Global
	GlobalSection(SolutionConfigurationPlatforms) = preSolution
		Debug|Any CPU = Debug|Any CPU
		Release|Any CPU = Release|Any CPU
	EndGlobalSection
	GlobalSection(ProjectConfigurationPlatforms) = postSolution
		{97FA41CD-023E-4D06-9FEB-6AE60089DF23}.Debug|Any CPU.ActiveCfg = Debug|Any CPU
		{97FA41CD-023E-4D06-9FEB-6AE60089DF23}.Debug|Any CPU.Build.0 = Debug|Any CPU
		{97FA41CD-023E-4D06-9FEB-6AE60089DF23}.Release|Any CPU.ActiveCfg = Release|Any CPU
		{97FA41CD-023E-4D06-9FEB-6AE60089DF23}.Release|Any CPU.Build.0 = Release|Any CPU
	EndGlobalSection
	GlobalSection(SolutionProperties) = preSolution
		HideSolutionNode = FALSE
	EndGlobalSection
	GlobalSection(ExtensibilityGlobals) = postSolution
		SolutionGuid = {8AA1EACB-4E4F-4EC2-B3E3-970D1B32C994}
	EndGlobalSection
EndGlobal
